
Microsoft Visual Studio Solution File, Format Version 12.00
# Visual Studio Version 17
VisualStudioVersion = 17.7.34031.279
MinimumVisualStudioVersion = 10.0.40219.1
Project("{FAE04EC0-301F-11D3-BF4B-00C04F79EFBC}") = "ToDo.API", "src\ToDo.API\ToDo.API.csproj", "{827BC2AF-B025-4225-91E1-5E1AB8B4E341}"
EndProject
Global
	GlobalSection(SolutionConfigurationPlatforms) = preSolution
		Debug|Any CPU = Debug|Any CPU
		Release|Any CPU = Release|Any CPU
	EndGlobalSection
	GlobalSection(ProjectConfigurationPlatforms) = postSolution
		{827BC2AF-B025-4225-91E1-5E1AB8B4E341}.Debug|Any CPU.ActiveCfg = Debug|Any CPU
		{827BC2AF-B025-4225-91E1-5E1AB8B4E341}.Debug|Any CPU.Build.0 = Debug|Any CPU
		{827BC2AF-B025-4225-91E1-5E1AB8B4E341}.Release|Any CPU.ActiveCfg = Release|Any CPU
		{827BC2AF-B025-4225-91E1-5E1AB8B4E341}.Release|Any CPU.Build.0 = Release|Any CPU
	EndGlobalSection
	GlobalSection(SolutionProperties) = preSolution
		HideSolutionNode = FALSE
	EndGlobalSection
	GlobalSection(ExtensibilityGlobals) = postSolution
		SolutionGuid = {12D52768-F963-488D-8203-C49364929878}
	EndGlobalSection
EndGlobal
